
Microsoft Visual Studio Solution File, Format Version 12.00
# Visual Studio Version 17
VisualStudioVersion = 17.10.35013.160
MinimumVisualStudioVersion = 10.0.40219.1
Project("{FAE04EC0-301F-11D3-BF4B-00C04F79EFBC}") = "WindowsForms", "WindowsForms.csproj", "{0FC0315C-02B9-4115-B65E-369A963E5706}"
EndProject
Global
	GlobalSection(SolutionConfigurationPlatforms) = preSolution
		Debug|Any CPU = Debug|Any CPU
		Release|Any CPU = Release|Any CPU
	EndGlobalSection
	GlobalSection(ProjectConfigurationPlatforms) = postSolution
		{0FC0315C-02B9-4115-B65E-369A963E5706}.Debug|Any CPU.ActiveCfg = Debug|Any CPU
		{0FC0315C-02B9-4115-B65E-369A963E5706}.Debug|Any CPU.Build.0 = Debug|Any CPU
		{0FC0315C-02B9-4115-B65E-369A963E5706}.Release|Any CPU.ActiveCfg = Release|Any CPU
		{0FC0315C-02B9-4115-B65E-369A963E5706}.Release|Any CPU.Build.0 = Release|Any CPU
	EndGlobalSection
	GlobalSection(SolutionProperties) = preSolution
		HideSolutionNode = FALSE
	EndGlobalSection
	GlobalSection(ExtensibilityGlobals) = postSolution
		SolutionGuid = {703A0BFB-77F5-4A80-8C9B-50E2CCCDA928}
	EndGlobalSection
EndGlobal
