
Microsoft Visual Studio Solution File, Format Version 12.00
# Visual Studio Version 17
VisualStudioVersion = 17.5.002.0
MinimumVisualStudioVersion = 10.0.40219.1
Project("{9A19103F-16F7-4668-BE54-9A1E7A4F7556}") = "Text_Editor", "Text_Editor.csproj", "{64ABE8B8-4635-4C35-8650-7F1A0314F604}"
EndProject
Global
	GlobalSection(SolutionConfigurationPlatforms) = preSolution
		Debug|Any CPU = Debug|Any CPU
		Release|Any CPU = Release|Any CPU
	EndGlobalSection
	GlobalSection(ProjectConfigurationPlatforms) = postSolution
		{64ABE8B8-4635-4C35-8650-7F1A0314F604}.Debug|Any CPU.ActiveCfg = Debug|Any CPU
		{64ABE8B8-4635-4C35-8650-7F1A0314F604}.Debug|Any CPU.Build.0 = Debug|Any CPU
		{64ABE8B8-4635-4C35-8650-7F1A0314F604}.Release|Any CPU.ActiveCfg = Release|Any CPU
		{64ABE8B8-4635-4C35-8650-7F1A0314F604}.Release|Any CPU.Build.0 = Release|Any CPU
	EndGlobalSection
	GlobalSection(SolutionProperties) = preSolution
		HideSolutionNode = FALSE
	EndGlobalSection
	GlobalSection(ExtensibilityGlobals) = postSolution
		SolutionGuid = {17248425-75A5-4FD7-B241-54253A8FA90F}
	EndGlobalSection
EndGlobal
