
Microsoft Visual Studio Solution File, Format Version 12.00
# Visual Studio Version 17
VisualStudioVersion = 17.10.35013.160
MinimumVisualStudioVersion = 10.0.40219.1
Project("{FAE04EC0-301F-11D3-BF4B-00C04F79EFBC}") = "Presentaion", "Presentaion.csproj", "{6EAF7631-066F-4F86-8177-21ED767E4231}"
EndProject
Global
	GlobalSection(SolutionConfigurationPlatforms) = preSolution
		Debug|Any CPU = Debug|Any CPU
		Release|Any CPU = Release|Any CPU
	EndGlobalSection
	GlobalSection(ProjectConfigurationPlatforms) = postSolution
		{6EAF7631-066F-4F86-8177-21ED767E4231}.Debug|Any CPU.ActiveCfg = Debug|Any CPU
		{6EAF7631-066F-4F86-8177-21ED767E4231}.Debug|Any CPU.Build.0 = Debug|Any CPU
		{6EAF7631-066F-4F86-8177-21ED767E4231}.Release|Any CPU.ActiveCfg = Release|Any CPU
		{6EAF7631-066F-4F86-8177-21ED767E4231}.Release|Any CPU.Build.0 = Release|Any CPU
	EndGlobalSection
	GlobalSection(SolutionProperties) = preSolution
		HideSolutionNode = FALSE
	EndGlobalSection
	GlobalSection(ExtensibilityGlobals) = postSolution
		SolutionGuid = {A18BDB52-61AA-4453-B861-03AA94B38956}
	EndGlobalSection
EndGlobal
